
Microsoft Visual Studio Solution File, Format Version 12.00
# Visual Studio Version 16
VisualStudioVersion = 16.0.29409.12
MinimumVisualStudioVersion = 10.0.40219.1
Project("{FAE04EC0-301F-11D3-BF4B-00C04F79EFBC}") = "OffBoardingOnBoarding.Lib", "OffBoardingOnBoarding.Lib.csproj", "{3A56DAD2-A586-488C-B757-14D22A11139D}"
EndProject
Project("{FAE04EC0-301F-11D3-BF4B-00C04F79EFBC}") = "OffBoardingOnBoarding.Data", "..\OffBoardingOnBoarding.Data\OffBoardingOnBoarding.Data.csproj", "{125717BE-0770-4644-A424-E65A6F9130BE}"
EndProject
Project("{FAE04EC0-301F-11D3-BF4B-00C04F79EFBC}") = "OffBoardingOnBoarding.Test", "..\OffBoardingOnBoarding.Test\OffBoardingOnBoarding.Test.csproj", "{AF3E9D67-FD4E-4374-A6DE-9BEB170749EC}"
EndProject
Global
	GlobalSection(SolutionConfigurationPlatforms) = preSolution
		Debug|Any CPU = Debug|Any CPU
		Release|Any CPU = Release|Any CPU
	EndGlobalSection
	GlobalSection(ProjectConfigurationPlatforms) = postSolution
		{3A56DAD2-A586-488C-B757-14D22A11139D}.Debug|Any CPU.ActiveCfg = Debug|Any CPU
		{3A56DAD2-A586-488C-B757-14D22A11139D}.Debug|Any CPU.Build.0 = Debug|Any CPU
		{3A56DAD2-A586-488C-B757-14D22A11139D}.Release|Any CPU.ActiveCfg = Release|Any CPU
		{3A56DAD2-A586-488C-B757-14D22A11139D}.Release|Any CPU.Build.0 = Release|Any CPU
		{125717BE-0770-4644-A424-E65A6F9130BE}.Debug|Any CPU.ActiveCfg = Debug|Any CPU
		{125717BE-0770-4644-A424-E65A6F9130BE}.Debug|Any CPU.Build.0 = Debug|Any CPU
		{125717BE-0770-4644-A424-E65A6F9130BE}.Release|Any CPU.ActiveCfg = Release|Any CPU
		{125717BE-0770-4644-A424-E65A6F9130BE}.Release|Any CPU.Build.0 = Release|Any CPU
		{AF3E9D67-FD4E-4374-A6DE-9BEB170749EC}.Debug|Any CPU.ActiveCfg = Debug|Any CPU
		{AF3E9D67-FD4E-4374-A6DE-9BEB170749EC}.Debug|Any CPU.Build.0 = Debug|Any CPU
		{AF3E9D67-FD4E-4374-A6DE-9BEB170749EC}.Release|Any CPU.ActiveCfg = Release|Any CPU
		{AF3E9D67-FD4E-4374-A6DE-9BEB170749EC}.Release|Any CPU.Build.0 = Release|Any CPU
	EndGlobalSection
	GlobalSection(SolutionProperties) = preSolution
		HideSolutionNode = FALSE
	EndGlobalSection
	GlobalSection(ExtensibilityGlobals) = postSolution
		SolutionGuid = {B06AD814-0DB1-434F-B09C-28E227DBC89A}
	EndGlobalSection
EndGlobal
